// !$*UTF8*$!
{
	archiveVersion = 1;
	classes = {
	};
	objectVersion = 46;
	objects = {

/* Begin PBXBuildFile section */
		8E0306BD19A5124A00BD7CE2 /* CircleView.m in Sources */ = {isa = PBXBuildFile; fileRef = 8E0306BC19A5124A00BD7CE2 /* CircleView.m */; };
		8E1A194E19A3DE1A00C0945F /* Foundation.framework in Frameworks */ = {isa = PBXBuildFile; fileRef = 8E1A194D19A3DE1A00C0945F /* Foundation.framework */; };
		8E1A195019A3DE1A00C0945F /* CoreGraphics.framework in Frameworks */ = {isa = PBXBuildFile; fileRef = 8E1A194F19A3DE1A00C0945F /* CoreGraphics.framework */; };
		8E1A195219A3DE1A00C0945F /* UIKit.framework in Frameworks */ = {isa = PBXBuildFile; fileRef = 8E1A195119A3DE1A00C0945F /* UIKit.framework */; };
		8E1A195819A3DE1B00C0945F /* InfoPlist.strings in Resources */ = {isa = PBXBuildFile; fileRef = 8E1A195619A3DE1B00C0945F /* InfoPlist.strings */; };
		8E1A195A19A3DE1B00C0945F /* main.m in Sources */ = {isa = PBXBuildFile; fileRef = 8E1A195919A3DE1B00C0945F /* main.m */; };
		8E1A195E19A3DE1B00C0945F /* AppDelegate.m in Sources */ = {isa = PBXBuildFile; fileRef = 8E1A195D19A3DE1B00C0945F /* AppDelegate.m */; };
		8E1A196119A3DE1B00C0945F /* Main.storyboard in Resources */ = {isa = PBXBuildFile; fileRef = 8E1A195F19A3DE1B00C0945F /* Main.storyboard */; };
		8E1A196419A3DE1B00C0945F /* ViewController.m in Sources */ = {isa = PBXBuildFile; fileRef = 8E1A196319A3DE1B00C0945F /* ViewController.m */; };
		8E1A196619A3DE1B00C0945F /* Images.xcassets in Resources */ = {isa = PBXBuildFile; fileRef = 8E1A196519A3DE1B00C0945F /* Images.xcassets */; };
		8E1A196D19A3DE1B00C0945F /* XCTest.framework in Frameworks */ = {isa = PBXBuildFile; fileRef = 8E1A196C19A3DE1B00C0945F /* XCTest.framework */; };
		8E1A196E19A3DE1B00C0945F /* Foundation.framework in Frameworks */ = {isa = PBXBuildFile; fileRef = 8E1A194D19A3DE1A00C0945F /* Foundation.framework */; };
		8E1A196F19A3DE1B00C0945F /* UIKit.framework in Frameworks */ = {isa = PBXBuildFile; fileRef = 8E1A195119A3DE1A00C0945F /* UIKit.framework */; };
		8E1A197719A3DE1B00C0945F /* InfoPlist.strings in Resources */ = {isa = PBXBuildFile; fileRef = 8E1A197519A3DE1B00C0945F /* InfoPlist.strings */; };
		8E1A197919A3DE1B00C0945F /* StepBarChartTests.m in Sources */ = {isa = PBXBuildFile; fileRef = 8E1A197819A3DE1B00C0945F /* StepBarChartTests.m */; };
		8E1A198519A3DE3200C0945F /* TEABarChart.m in Sources */ = {isa = PBXBuildFile; fileRef = 8E1A198419A3DE3100C0945F /* TEABarChart.m */; };
		8E2485811AB8660900F18063 /* TEAStepBarChart.m in Sources */ = {isa = PBXBuildFile; fileRef = 8E2485801AB8660900F18063 /* TEAStepBarChart.m */; };
/* End PBXBuildFile section */

/* Begin PBXContainerItemProxy section */
		8E1A197019A3DE1B00C0945F /* PBXContainerItemProxy */ = {
			isa = PBXContainerItemProxy;
			containerPortal = 8E1A194219A3DE1A00C0945F /* Project object */;
			proxyType = 1;
			remoteGlobalIDString = 8E1A194919A3DE1A00C0945F;
			remoteInfo = StepBarChart;
		};
/* End PBXContainerItemProxy section */

/* Begin PBXFileReference section */
		8E0306BB19A5124A00BD7CE2 /* CircleView.h */ = {isa = PBXFileReference; fileEncoding = 4; lastKnownFileType = sourcecode.c.h; path = CircleView.h; sourceTree = "<group>"; };
		8E0306BC19A5124A00BD7CE2 /* CircleView.m */ = {isa = PBXFileReference; fileEncoding = 4; lastKnownFileType = sourcecode.c.objc; path = CircleView.m; sourceTree = "<group>"; };
		8E1A194A19A3DE1A00C0945F /* StepBarChart.app */ = {isa = PBXFileReference; explicitFileType = wrapper.application; includeInIndex = 0; path = StepBarChart.app; sourceTree = BUILT_PRODUCTS_DIR; };
		8E1A194D19A3DE1A00C0945F /* Foundation.framework */ = {isa = PBXFileReference; lastKnownFileType = wrapper.framework; name = Foundation.framework; path = System/Library/Frameworks/Foundation.framework; sourceTree = SDKROOT; };
		8E1A194F19A3DE1A00C0945F /* CoreGraphics.framework */ = {isa = PBXFileReference; lastKnownFileType = wrapper.framework; name = CoreGraphics.framework; path = System/Library/Frameworks/CoreGraphics.framework; sourceTree = SDKROOT; };
		8E1A195119A3DE1A00C0945F /* UIKit.framework */ = {isa = PBXFileReference; lastKnownFileType = wrapper.framework; name = UIKit.framework; path = System/Library/Frameworks/UIKit.framework; sourceTree = SDKROOT; };
		8E1A195519A3DE1A00C0945F /* StepBarChart-Info.plist */ = {isa = PBXFileReference; lastKnownFileType = text.plist.xml; path = "StepBarChart-Info.plist"; sourceTree = "<group>"; };
		8E1A195719A3DE1B00C0945F /* en */ = {isa = PBXFileReference; lastKnownFileType = text.plist.strings; name = en; path = en.lproj/InfoPlist.strings; sourceTree = "<group>"; };
		8E1A195919A3DE1B00C0945F /* main.m */ = {isa = PBXFileReference; lastKnownFileType = sourcecode.c.objc; path = main.m; sourceTree = "<group>"; };
		8E1A195B19A3DE1B00C0945F /* StepBarChart-Prefix.pch */ = {isa = PBXFileReference; lastKnownFileType = sourcecode.c.h; path = "StepBarChart-Prefix.pch"; sourceTree = "<group>"; };
		8E1A195C19A3DE1B00C0945F /* AppDelegate.h */ = {isa = PBXFileReference; lastKnownFileType = sourcecode.c.h; path = AppDelegate.h; sourceTree = "<group>"; };
		8E1A195D19A3DE1B00C0945F /* AppDelegate.m */ = {isa = PBXFileReference; lastKnownFileType = sourcecode.c.objc; path = AppDelegate.m; sourceTree = "<group>"; };
		8E1A196019A3DE1B00C0945F /* Base */ = {isa = PBXFileReference; lastKnownFileType = file.storyboard; name = Base; path = Base.lproj/Main.storyboard; sourceTree = "<group>"; };
		8E1A196219A3DE1B00C0945F /* ViewController.h */ = {isa = PBXFileReference; lastKnownFileType = sourcecode.c.h; path = ViewController.h; sourceTree = "<group>"; };
		8E1A196319A3DE1B00C0945F /* ViewController.m */ = {isa = PBXFileReference; lastKnownFileType = sourcecode.c.objc; path = ViewController.m; sourceTree = "<group>"; };
		8E1A196519A3DE1B00C0945F /* Images.xcassets */ = {isa = PBXFileReference; lastKnownFileType = folder.assetcatalog; path = Images.xcassets; sourceTree = "<group>"; };
		8E1A196B19A3DE1B00C0945F /* StepBarChartTests.xctest */ = {isa = PBXFileReference; explicitFileType = wrapper.cfbundle; includeInIndex = 0; path = StepBarChartTests.xctest; sourceTree = BUILT_PRODUCTS_DIR; };
		8E1A196C19A3DE1B00C0945F /* XCTest.framework */ = {isa = PBXFileReference; lastKnownFileType = wrapper.framework; name = XCTest.framework; path = Library/Frameworks/XCTest.framework; sourceTree = DEVELOPER_DIR; };
		8E1A197419A3DE1B00C0945F /* StepBarChartTests-Info.plist */ = {isa = PBXFileReference; lastKnownFileType = text.plist.xml; path = "StepBarChartTests-Info.plist"; sourceTree = "<group>"; };
		8E1A197619A3DE1B00C0945F /* en */ = {isa = PBXFileReference; lastKnownFileType = text.plist.strings; name = en; path = en.lproj/InfoPlist.strings; sourceTree = "<group>"; };
		8E1A197819A3DE1B00C0945F /* StepBarChartTests.m */ = {isa = PBXFileReference; lastKnownFileType = sourcecode.c.objc; path = StepBarChartTests.m; sourceTree = "<group>"; };
		8E1A198219A3DE3100C0945F /* TEAChart.h */ = {isa = PBXFileReference; fileEncoding = 4; lastKnownFileType = sourcecode.c.h; path = TEAChart.h; sourceTree = "<group>"; };
		8E1A198319A3DE3100C0945F /* TEABarChart.h */ = {isa = PBXFileReference; fileEncoding = 4; lastKnownFileType = sourcecode.c.h; path = TEABarChart.h; sourceTree = "<group>"; };
		8E1A198419A3DE3100C0945F /* TEABarChart.m */ = {isa = PBXFileReference; fileEncoding = 4; lastKnownFileType = sourcecode.c.objc; path = TEABarChart.m; sourceTree = "<group>"; };
		8E24857F1AB8660900F18063 /* TEAStepBarChart.h */ = {isa = PBXFileReference; fileEncoding = 4; lastKnownFileType = sourcecode.c.h; path = TEAStepBarChart.h; sourceTree = "<group>"; };
		8E2485801AB8660900F18063 /* TEAStepBarChart.m */ = {isa = PBXFileReference; fileEncoding = 4; lastKnownFileType = sourcecode.c.objc; path = TEAStepBarChart.m; sourceTree = "<group>"; };
/* End PBXFileReference section */

/* Begin PBXFrameworksBuildPhase section */
		8E1A194719A3DE1A00C0945F /* Frameworks */ = {
			isa = PBXFrameworksBuildPhase;
			buildActionMask = 2147483647;
			files = (
				8E1A195019A3DE1A00C0945F /* CoreGraphics.framework in Frameworks */,
				8E1A195219A3DE1A00C0945F /* UIKit.framework in Frameworks */,
				8E1A194E19A3DE1A00C0945F /* Foundation.framework in Frameworks */,
			);
			runOnlyForDeploymentPostprocessing = 0;
		};
		8E1A196819A3DE1B00C0945F /* Frameworks */ = {
			isa = PBXFrameworksBuildPhase;
			buildActionMask = 2147483647;
			files = (
				8E1A196D19A3DE1B00C0945F /* XCTest.framework in Frameworks */,
				8E1A196F19A3DE1B00C0945F /* UIKit.framework in Frameworks */,
				8E1A196E19A3DE1B00C0945F /* Foundation.framework in Frameworks */,
			);
			runOnlyForDeploymentPostprocessing = 0;
		};
/* End PBXFrameworksBuildPhase section */

/* Begin PBXGroup section */
		8E1A194119A3DE1A00C0945F = {
			isa = PBXGroup;
			children = (
				8E1A198219A3DE3100C0945F /* TEAChart.h */,
				8E1A198319A3DE3100C0945F /* TEABarChart.h */,
				8E1A198419A3DE3100C0945F /* TEABarChart.m */,
				8E24857F1AB8660900F18063 /* TEAStepBarChart.h */,
				8E2485801AB8660900F18063 /* TEAStepBarChart.m */,
				8E0306BB19A5124A00BD7CE2 /* CircleView.h */,
				8E0306BC19A5124A00BD7CE2 /* CircleView.m */,
				8E1A195319A3DE1A00C0945F /* StepBarChart */,
				8E1A197219A3DE1B00C0945F /* StepBarChartTests */,
				8E1A194C19A3DE1A00C0945F /* Frameworks */,
				8E1A194B19A3DE1A00C0945F /* Products */,
			);
			sourceTree = "<group>";
		};
		8E1A194B19A3DE1A00C0945F /* Products */ = {
			isa = PBXGroup;
			children = (
				8E1A194A19A3DE1A00C0945F /* StepBarChart.app */,
				8E1A196B19A3DE1B00C0945F /* StepBarChartTests.xctest */,
			);
			name = Products;
			sourceTree = "<group>";
		};
		8E1A194C19A3DE1A00C0945F /* Frameworks */ = {
			isa = PBXGroup;
			children = (
				8E1A194D19A3DE1A00C0945F /* Foundation.framework */,
				8E1A194F19A3DE1A00C0945F /* CoreGraphics.framework */,
				8E1A195119A3DE1A00C0945F /* UIKit.framework */,
				8E1A196C19A3DE1B00C0945F /* XCTest.framework */,
			);
			name = Frameworks;
			sourceTree = "<group>";
		};
		8E1A195319A3DE1A00C0945F /* StepBarChart */ = {
			isa = PBXGroup;
			children = (
				8E1A195C19A3DE1B00C0945F /* AppDelegate.h */,
				8E1A195D19A3DE1B00C0945F /* AppDelegate.m */,
				8E1A195F19A3DE1B00C0945F /* Main.storyboard */,
				8E1A196219A3DE1B00C0945F /* ViewController.h */,
				8E1A196319A3DE1B00C0945F /* ViewController.m */,
				8E1A196519A3DE1B00C0945F /* Images.xcassets */,
				8E1A195419A3DE1A00C0945F /* Supporting Files */,
			);
			path = StepBarChart;
			sourceTree = "<group>";
		};
		8E1A195419A3DE1A00C0945F /* Supporting Files */ = {
			isa = PBXGroup;
			children = (
				8E1A195519A3DE1A00C0945F /* StepBarChart-Info.plist */,
				8E1A195619A3DE1B00C0945F /* InfoPlist.strings */,
				8E1A195919A3DE1B00C0945F /* main.m */,
				8E1A195B19A3DE1B00C0945F /* StepBarChart-Prefix.pch */,
			);
			name = "Supporting Files";
			sourceTree = "<group>";
		};
		8E1A197219A3DE1B00C0945F /* StepBarChartTests */ = {
			isa = PBXGroup;
			children = (
				8E1A197819A3DE1B00C0945F /* StepBarChartTests.m */,
				8E1A197319A3DE1B00C0945F /* Supporting Files */,
			);
			path = StepBarChartTests;
			sourceTree = "<group>";
		};
		8E1A197319A3DE1B00C0945F /* Supporting Files */ = {
			isa = PBXGroup;
			children = (
				8E1A197419A3DE1B00C0945F /* StepBarChartTests-Info.plist */,
				8E1A197519A3DE1B00C0945F /* InfoPlist.strings */,
			);
			name = "Supporting Files";
			sourceTree = "<group>";
		};
/* End PBXGroup section */

/* Begin PBXNativeTarget section */
		8E1A194919A3DE1A00C0945F /* StepBarChart */ = {
			isa = PBXNativeTarget;
			buildConfigurationList = 8E1A197C19A3DE1B00C0945F /* Build configuration list for PBXNativeTarget "StepBarChart" */;
			buildPhases = (
				8E1A194619A3DE1A00C0945F /* Sources */,
				8E1A194719A3DE1A00C0945F /* Frameworks */,
				8E1A194819A3DE1A00C0945F /* Resources */,
			);
			buildRules = (
			);
			dependencies = (
			);
			name = StepBarChart;
			productName = StepBarChart;
			productReference = 8E1A194A19A3DE1A00C0945F /* StepBarChart.app */;
			productType = "com.apple.product-type.application";
		};
		8E1A196A19A3DE1B00C0945F /* StepBarChartTests */ = {
			isa = PBXNativeTarget;
			buildConfigurationList = 8E1A197F19A3DE1B00C0945F /* Build configuration list for PBXNativeTarget "StepBarChartTests" */;
			buildPhases = (
				8E1A196719A3DE1B00C0945F /* Sources */,
				8E1A196819A3DE1B00C0945F /* Frameworks */,
				8E1A196919A3DE1B00C0945F /* Resources */,
			);
			buildRules = (
			);
			dependencies = (
				8E1A197119A3DE1B00C0945F /* PBXTargetDependency */,
			);
			name = StepBarChartTests;
			productName = StepBarChartTests;
			productReference = 8E1A196B19A3DE1B00C0945F /* StepBarChartTests.xctest */;
			productType = "com.apple.product-type.bundle.unit-test";
		};
/* End PBXNativeTarget section */

/* Begin PBXProject section */
		8E1A194219A3DE1A00C0945F /* Project object */ = {
			isa = PBXProject;
			attributes = {
				LastUpgradeCheck = 0510;
				ORGANIZATIONNAME = AnalyticsQuotient;
				TargetAttributes = {
					8E1A196A19A3DE1B00C0945F = {
						TestTargetID = 8E1A194919A3DE1A00C0945F;
					};
				};
			};
			buildConfigurationList = 8E1A194519A3DE1A00C0945F /* Build configuration list for PBXProject "StepBarChart" */;
			compatibilityVersion = "Xcode 3.2";
			developmentRegion = English;
			hasScannedForEncodings = 0;
			knownRegions = (
				en,
				Base,
			);
			mainGroup = 8E1A194119A3DE1A00C0945F;
			productRefGroup = 8E1A194B19A3DE1A00C0945F /* Products */;
			projectDirPath = "";
			projectRoot = "";
			targets = (
				8E1A194919A3DE1A00C0945F /* StepBarChart */,
				8E1A196A19A3DE1B00C0945F /* StepBarChartTests */,
			);
		};
/* End PBXProject section */

/* Begin PBXResourcesBuildPhase section */
		8E1A194819A3DE1A00C0945F /* Resources */ = {
			isa = PBXResourcesBuildPhase;
			buildActionMask = 2147483647;
			files = (
				8E1A196619A3DE1B00C0945F /* Images.xcassets in Resources */,
				8E1A195819A3DE1B00C0945F /* InfoPlist.strings in Resources */,
				8E1A196119A3DE1B00C0945F /* Main.storyboard in Resources */,
			);
			runOnlyForDeploymentPostprocessing = 0;
		};
		8E1A196919A3DE1B00C0945F /* Resources */ = {
			isa = PBXResourcesBuildPhase;
			buildActionMask = 2147483647;
			files = (
				8E1A197719A3DE1B00C0945F /* InfoPlist.strings in Resources */,
			);
			runOnlyForDeploymentPostprocessing = 0;
		};
/* End PBXResourcesBuildPhase section */

/* Begin PBXSourcesBuildPhase section */
		8E1A194619A3DE1A00C0945F /* Sources */ = {
			isa = PBXSourcesBuildPhase;
			buildActionMask = 2147483647;
			files = (
				8E1A196419A3DE1B00C0945F /* ViewController.m in Sources */,
				8E0306BD19A5124A00BD7CE2 /* CircleView.m in Sources */,
				8E1A198519A3DE3200C0945F /* TEABarChart.m in Sources */,
				8E2485811AB8660900F18063 /* TEAStepBarChart.m in Sources */,
				8E1A195E19A3DE1B00C0945F /* AppDelegate.m in Sources */,
				8E1A195A19A3DE1B00C0945F /* main.m in Sources */,
			);
			runOnlyForDeploymentPostprocessing = 0;
		};
		8E1A196719A3DE1B00C0945F /* Sources */ = {
			isa = PBXSourcesBuildPhase;
			buildActionMask = 2147483647;
			files = (
				8E1A197919A3DE1B00C0945F /* StepBarChartTests.m in Sources */,
			);
			runOnlyForDeploymentPostprocessing = 0;
		};
/* End PBXSourcesBuildPhase section */

/* Begin PBXTargetDependency section */
		8E1A197119A3DE1B00C0945F /* PBXTargetDependency */ = {
			isa = PBXTargetDependency;
			target = 8E1A194919A3DE1A00C0945F /* StepBarChart */;
			targetProxy = 8E1A197019A3DE1B00C0945F /* PBXContainerItemProxy */;
		};
/* End PBXTargetDependency section */

/* Begin PBXVariantGroup section */
		8E1A195619A3DE1B00C0945F /* InfoPlist.strings */ = {
			isa = PBXVariantGroup;
			children = (
				8E1A195719A3DE1B00C0945F /* en */,
			);
			name = InfoPlist.strings;
			sourceTree = "<group>";
		};
		8E1A195F19A3DE1B00C0945F /* Main.storyboard */ = {
			isa = PBXVariantGroup;
			children = (
				8E1A196019A3DE1B00C0945F /* Base */,
			);
			name = Main.storyboard;
			sourceTree = "<group>";
		};
		8E1A197519A3DE1B00C0945F /* InfoPlist.strings */ = {
			isa = PBXVariantGroup;
			children = (
				8E1A197619A3DE1B00C0945F /* en */,
			);
			name = InfoPlist.strings;
			sourceTree = "<group>";
		};
/* End PBXVariantGroup section */

/* Begin XCBuildConfiguration section */
		8E1A197A19A3DE1B00C0945F /* Debug */ = {
			isa = XCBuildConfiguration;
			buildSettings = {
				ALWAYS_SEARCH_USER_PATHS = NO;
				CLANG_CXX_LANGUAGE_STANDARD = "gnu++0x";
				CLANG_CXX_LIBRARY = "libc++";
				CLANG_ENABLE_MODULES = YES;
				CLANG_ENABLE_OBJC_ARC = YES;
				CLANG_WARN_BOOL_CONVERSION = YES;
				CLANG_WARN_CONSTANT_CONVERSION = YES;
				CLANG_WARN_DIRECT_OBJC_ISA_USAGE = YES_ERROR;
				CLANG_WARN_EMPTY_BODY = YES;
				CLANG_WARN_ENUM_CONVERSION = YES;
				CLANG_WARN_INT_CONVERSION = YES;
				CLANG_WARN_OBJC_ROOT_CLASS = YES_ERROR;
				CLANG_WARN__DUPLICATE_METHOD_MATCH = YES;
				"CODE_SIGN_IDENTITY[sdk=iphoneos*]" = "iPhone Developer";
				COPY_PHASE_STRIP = NO;
				GCC_C_LANGUAGE_STANDARD = gnu99;
				GCC_DYNAMIC_NO_PIC = NO;
				GCC_OPTIMIZATION_LEVEL = 0;
				GCC_PREPROCESSOR_DEFINITIONS = (
					"DEBUG=1",
					"$(inherited)",
				);
				GCC_SYMBOLS_PRIVATE_EXTERN = NO;
				GCC_WARN_64_TO_32_BIT_CONVERSION = YES;
				GCC_WARN_ABOUT_RETURN_TYPE = YES_ERROR;
				GCC_WARN_UNDECLARED_SELECTOR = YES;
				GCC_WARN_UNINITIALIZED_AUTOS = YES_AGGRESSIVE;
				GCC_WARN_UNUSED_FUNCTION = YES;
				GCC_WARN_UNUSED_VARIABLE = YES;
				IPHONEOS_DEPLOYMENT_TARGET = 7.1;
				ONLY_ACTIVE_ARCH = YES;
				SDKROOT = iphoneos;
			};
			name = Debug;
		};
		8E1A197B19A3DE1B00C0945F /* Release */ = {
			isa = XCBuildConfiguration;
			buildSettings = {
				ALWAYS_SEARCH_USER_PATHS = NO;
				CLANG_CXX_LANGUAGE_STANDARD = "gnu++0x";
				CLANG_CXX_LIBRARY = "libc++";
				CLANG_ENABLE_MODULES = YES;
				CLANG_ENABLE_OBJC_ARC = YES;
				CLANG_WARN_BOOL_CONVERSION = YES;
				CLANG_WARN_CONSTANT_CONVERSION = YES;
				CLANG_WARN_DIRECT_OBJC_ISA_USAGE = YES_ERROR;
				CLANG_WARN_EMPTY_BODY = YES;
				CLANG_WARN_ENUM_CONVERSION = YES;
				CLANG_WARN_INT_CONVERSION = YES;
				CLANG_WARN_OBJC_ROOT_CLASS = YES_ERROR;
				CLANG_WARN__DUPLICATE_METHOD_MATCH = YES;
				"CODE_SIGN_IDENTITY[sdk=iphoneos*]" = "iPhone Developer";
				COPY_PHASE_STRIP = YES;
				ENABLE_NS_ASSERTIONS = NO;
				GCC_C_LANGUAGE_STANDARD = gnu99;
				GCC_WARN_64_TO_32_BIT_CONVERSION = YES;
				GCC_WARN_ABOUT_RETURN_TYPE = YES_ERROR;
				GCC_WARN_UNDECLARED_SELECTOR = YES;
				GCC_WARN_UNINITIALIZED_AUTOS = YES_AGGRESSIVE;
				GCC_WARN_UNUSED_FUNCTION = YES;
				GCC_WARN_UNUSED_VARIABLE = YES;
				IPHONEOS_DEPLOYMENT_TARGET = 7.1;
				SDKROOT = iphoneos;
				VALIDATE_PRODUCT = YES;
			};
			name = Release;
		};
		8E1A197D19A3DE1B00C0945F /* Debug */ = {
			isa = XCBuildConfiguration;
			buildSettings = {
				ASSETCATALOG_COMPILER_APPICON_NAME = AppIcon;
				ASSETCATALOG_COMPILER_LAUNCHIMAGE_NAME = LaunchImage;
				GCC_PRECOMPILE_PREFIX_HEADER = YES;
				GCC_PREFIX_HEADER = "StepBarChart/StepBarChart-Prefix.pch";
				INFOPLIST_FILE = "StepBarChart/StepBarChart-Info.plist";
				PRODUCT_NAME = "$(TARGET_NAME)";
				WRAPPER_EXTENSION = app;
			};
			name = Debug;
		};
		8E1A197E19A3DE1B00C0945F /* Release */ = {
			isa = XCBuildConfiguration;
			buildSettings = {
				ASSETCATALOG_COMPILER_APPICON_NAME = AppIcon;
				ASSETCATALOG_COMPILER_LAUNCHIMAGE_NAME = LaunchImage;
				GCC_PRECOMPILE_PREFIX_HEADER = YES;
				GCC_PREFIX_HEADER = "StepBarChart/StepBarChart-Prefix.pch";
				INFOPLIST_FILE = "StepBarChart/StepBarChart-Info.plist";
				PRODUCT_NAME = "$(TARGET_NAME)";
				WRAPPER_EXTENSION = app;
			};
			name = Release;
		};
		8E1A198019A3DE1B00C0945F /* Debug */ = {
			isa = XCBuildConfiguration;
			buildSettings = {
				BUNDLE_LOADER = "$(BUILT_PRODUCTS_DIR)/StepBarChart.app/StepBarChart";
				FRAMEWORK_SEARCH_PATHS = (
					"$(SDKROOT)/Developer/Library/Frameworks",
					"$(inherited)",
					"$(DEVELOPER_FRAMEWORKS_DIR)",
				);
				GCC_PRECOMPILE_PREFIX_HEADER = YES;
				GCC_PREFIX_HEADER = "StepBarChart/StepBarChart-Prefix.pch";
				GCC_PREPROCESSOR_DEFINITIONS = (
					"DEBUG=1",
					"$(inherited)",
				);
				INFOPLIST_FILE = "StepBarChartTests/StepBarChartTests-Info.plist";
				PRODUCT_NAME = "$(TARGET_NAME)";
				TEST_HOST = "$(BUNDLE_LOADER)";
				WRAPPER_EXTENSION = xctest;
			};
			name = Debug;
		};
		8E1A198119A3DE1B00C0945F /* Release */ = {
			isa = XCBuildConfiguration;
			buildSettings = {
				BUNDLE_LOADER = "$(BUILT_PRODUCTS_DIR)/StepBarChart.app/StepBarChart";
				FRAMEWORK_SEARCH_PATHS = (
					"$(SDKROOT)/Developer/Library/Frameworks",
					"$(inherited)",
					"$(DEVELOPER_FRAMEWORKS_DIR)",
				);
				GCC_PRECOMPILE_PREFIX_HEADER = YES;
				GCC_PREFIX_HEADER = "StepBarChart/StepBarChart-Prefix.pch";
				INFOPLIST_FILE = "StepBarChartTests/StepBarChartTests-Info.plist";
				PRODUCT_NAME = "$(TARGET_NAME)";
				TEST_HOST = "$(BUNDLE_LOADER)";
				WRAPPER_EXTENSION = xctest;
			};
			name = Release;
		};
/* End XCBuildConfiguration section */

/* Begin XCConfigurationList section */
		8E1A194519A3DE1A00C0945F /* Build configuration list for PBXProject "StepBarChart" */ = {
			isa = XCConfigurationList;
			buildConfigurations = (
				8E1A197A19A3DE1B00C0945F /* Debug */,
				8E1A197B19A3DE1B00C0945F /* Release */,
			);
			defaultConfigurationIsVisible = 0;
			defaultConfigurationName = Release;
		};
		8E1A197C19A3DE1B00C0945F /* Build configuration list for PBXNativeTarget "StepBarChart" */ = {
			isa = XCConfigurationList;
			buildConfigurations = (
				8E1A197D19A3DE1B00C0945F /* Debug */,
				8E1A197E19A3DE1B00C0945F /* Release */,
			);
			defaultConfigurationIsVisible = 0;
			defaultConfigurationName = Release;
		};
		8E1A197F19A3DE1B00C0945F /* Build configuration list for PBXNativeTarget "StepBarChartTests" */ = {
			isa = XCConfigurationList;
			buildConfigurations = (
				8E1A198019A3DE1B00C0945F /* Debug */,
				8E1A198119A3DE1B00C0945F /* Release */,
			);
			defaultConfigurationIsVisible = 0;
			defaultConfigurationName = Release;
		};
/* End XCConfigurationList section */
	};
	rootObject = 8E1A194219A3DE1A00C0945F /* Project object */;
}
