// !$*UTF8*$!
{
	archiveVersion = 1;
	classes = {
	};
	objectVersion = 46;
	objects = {

/* Begin PBXBuildFile section */
		1CC01AD11CDE15EB003C6DCE /* Reachability.swift in Sources */ = {isa = PBXBuildFile; fileRef = 1CC01AD01CDE15EB003C6DCE /* Reachability.swift */; };
		AB7E174B1CDCDB78005F0C3C /* CarDetailsViewController.swift in Sources */ = {isa = PBXBuildFile; fileRef = AB7E174A1CDCDB78005F0C3C /* CarDetailsViewController.swift */; };
		AB7E174D1CDCE421005F0C3C /* audi.png in Resources */ = {isa = PBXBuildFile; fileRef = AB7E174C1CDCE421005F0C3C /* audi.png */; };
		AB89D2EB1CDB073C0020DE21 /* AppDelegate.swift in Sources */ = {isa = PBXBuildFile; fileRef = AB89D2EA1CDB073C0020DE21 /* AppDelegate.swift */; };
		AB89D2ED1CDB073C0020DE21 /* ViewController.swift in Sources */ = {isa = PBXBuildFile; fileRef = AB89D2EC1CDB073C0020DE21 /* ViewController.swift */; };
		AB89D2F01CDB073C0020DE21 /* Main.storyboard in Resources */ = {isa = PBXBuildFile; fileRef = AB89D2EE1CDB073C0020DE21 /* Main.storyboard */; };
		AB89D2F31CDB073C0020DE21 /* Assignment1.xcdatamodeld in Sources */ = {isa = PBXBuildFile; fileRef = AB89D2F11CDB073C0020DE21 /* Assignment1.xcdatamodeld */; };
		AB89D2F51CDB073C0020DE21 /* Assets.xcassets in Resources */ = {isa = PBXBuildFile; fileRef = AB89D2F41CDB073C0020DE21 /* Assets.xcassets */; };
		AB89D2F81CDB073C0020DE21 /* LaunchScreen.storyboard in Resources */ = {isa = PBXBuildFile; fileRef = AB89D2F61CDB073C0020DE21 /* LaunchScreen.storyboard */; };
		AB89D3031CDB073C0020DE21 /* Assignment1Tests.swift in Sources */ = {isa = PBXBuildFile; fileRef = AB89D3021CDB073C0020DE21 /* Assignment1Tests.swift */; };
		AB89D30E1CDB073C0020DE21 /* Assignment1UITests.swift in Sources */ = {isa = PBXBuildFile; fileRef = AB89D30D1CDB073C0020DE21 /* Assignment1UITests.swift */; };
		AB89D31C1CDB12D70020DE21 /* Registration.swift in Sources */ = {isa = PBXBuildFile; fileRef = AB89D31B1CDB12D70020DE21 /* Registration.swift */; };
		AB89D31E1CDB12EA0020DE21 /* HomeScreen.swift in Sources */ = {isa = PBXBuildFile; fileRef = AB89D31D1CDB12EA0020DE21 /* HomeScreen.swift */; };
		AB89D3201CDB3C2E0020DE21 /* info-icon@2x.png in Resources */ = {isa = PBXBuildFile; fileRef = AB89D31F1CDB3C2E0020DE21 /* info-icon@2x.png */; };
/* End PBXBuildFile section */

/* Begin PBXContainerItemProxy section */
		AB89D2FF1CDB073C0020DE21 /* PBXContainerItemProxy */ = {
			isa = PBXContainerItemProxy;
			containerPortal = AB89D2DF1CDB073B0020DE21 /* Project object */;
			proxyType = 1;
			remoteGlobalIDString = AB89D2E61CDB073C0020DE21;
			remoteInfo = Assignment1;
		};
		AB89D30A1CDB073C0020DE21 /* PBXContainerItemProxy */ = {
			isa = PBXContainerItemProxy;
			containerPortal = AB89D2DF1CDB073B0020DE21 /* Project object */;
			proxyType = 1;
			remoteGlobalIDString = AB89D2E61CDB073C0020DE21;
			remoteInfo = Assignment1;
		};
/* End PBXContainerItemProxy section */

/* Begin PBXFileReference section */
		1CC01AD01CDE15EB003C6DCE /* Reachability.swift */ = {isa = PBXFileReference; fileEncoding = 4; lastKnownFileType = sourcecode.swift; path = Reachability.swift; sourceTree = "<group>"; };
		AB7E174A1CDCDB78005F0C3C /* CarDetailsViewController.swift */ = {isa = PBXFileReference; fileEncoding = 4; lastKnownFileType = sourcecode.swift; path = CarDetailsViewController.swift; sourceTree = "<group>"; };
		AB7E174C1CDCE421005F0C3C /* audi.png */ = {isa = PBXFileReference; lastKnownFileType = image.png; path = audi.png; sourceTree = "<group>"; };
		AB89D2E71CDB073C0020DE21 /* Assignment1.app */ = {isa = PBXFileReference; explicitFileType = wrapper.application; includeInIndex = 0; path = Assignment1.app; sourceTree = BUILT_PRODUCTS_DIR; };
		AB89D2EA1CDB073C0020DE21 /* AppDelegate.swift */ = {isa = PBXFileReference; lastKnownFileType = sourcecode.swift; path = AppDelegate.swift; sourceTree = "<group>"; };
		AB89D2EC1CDB073C0020DE21 /* ViewController.swift */ = {isa = PBXFileReference; lastKnownFileType = sourcecode.swift; path = ViewController.swift; sourceTree = "<group>"; };
		AB89D2EF1CDB073C0020DE21 /* Base */ = {isa = PBXFileReference; lastKnownFileType = file.storyboard; name = Base; path = Base.lproj/Main.storyboard; sourceTree = "<group>"; };
		AB89D2F21CDB073C0020DE21 /* Assignment1.xcdatamodel */ = {isa = PBXFileReference; lastKnownFileType = wrapper.xcdatamodel; path = Assignment1.xcdatamodel; sourceTree = "<group>"; };
		AB89D2F41CDB073C0020DE21 /* Assets.xcassets */ = {isa = PBXFileReference; lastKnownFileType = folder.assetcatalog; path = Assets.xcassets; sourceTree = "<group>"; };
		AB89D2F71CDB073C0020DE21 /* Base */ = {isa = PBXFileReference; lastKnownFileType = file.storyboard; name = Base; path = Base.lproj/LaunchScreen.storyboard; sourceTree = "<group>"; };
		AB89D2F91CDB073C0020DE21 /* Info.plist */ = {isa = PBXFileReference; lastKnownFileType = text.plist.xml; path = Info.plist; sourceTree = "<group>"; };
		AB89D2FE1CDB073C0020DE21 /* Assignment1Tests.xctest */ = {isa = PBXFileReference; explicitFileType = wrapper.cfbundle; includeInIndex = 0; path = Assignment1Tests.xctest; sourceTree = BUILT_PRODUCTS_DIR; };
		AB89D3021CDB073C0020DE21 /* Assignment1Tests.swift */ = {isa = PBXFileReference; lastKnownFileType = sourcecode.swift; path = Assignment1Tests.swift; sourceTree = "<group>"; };
		AB89D3041CDB073C0020DE21 /* Info.plist */ = {isa = PBXFileReference; lastKnownFileType = text.plist.xml; path = Info.plist; sourceTree = "<group>"; };
		AB89D3091CDB073C0020DE21 /* Assignment1UITests.xctest */ = {isa = PBXFileReference; explicitFileType = wrapper.cfbundle; includeInIndex = 0; path = Assignment1UITests.xctest; sourceTree = BUILT_PRODUCTS_DIR; };
		AB89D30D1CDB073C0020DE21 /* Assignment1UITests.swift */ = {isa = PBXFileReference; lastKnownFileType = sourcecode.swift; path = Assignment1UITests.swift; sourceTree = "<group>"; };
		AB89D30F1CDB073C0020DE21 /* Info.plist */ = {isa = PBXFileReference; lastKnownFileType = text.plist.xml; path = Info.plist; sourceTree = "<group>"; };
		AB89D31B1CDB12D70020DE21 /* Registration.swift */ = {isa = PBXFileReference; fileEncoding = 4; lastKnownFileType = sourcecode.swift; path = Registration.swift; sourceTree = "<group>"; };
		AB89D31D1CDB12EA0020DE21 /* HomeScreen.swift */ = {isa = PBXFileReference; fileEncoding = 4; lastKnownFileType = sourcecode.swift; path = HomeScreen.swift; sourceTree = "<group>"; };
		AB89D31F1CDB3C2E0020DE21 /* info-icon@2x.png */ = {isa = PBXFileReference; lastKnownFileType = image.png; path = "info-icon@2x.png"; sourceTree = "<group>"; };
/* End PBXFileReference section */

/* Begin PBXFrameworksBuildPhase section */
		AB89D2E41CDB073C0020DE21 /* Frameworks */ = {
			isa = PBXFrameworksBuildPhase;
			buildActionMask = 2147483647;
			files = (
			);
			runOnlyForDeploymentPostprocessing = 0;
		};
		AB89D2FB1CDB073C0020DE21 /* Frameworks */ = {
			isa = PBXFrameworksBuildPhase;
			buildActionMask = 2147483647;
			files = (
			);
			runOnlyForDeploymentPostprocessing = 0;
		};
		AB89D3061CDB073C0020DE21 /* Frameworks */ = {
			isa = PBXFrameworksBuildPhase;
			buildActionMask = 2147483647;
			files = (
			);
			runOnlyForDeploymentPostprocessing = 0;
		};
/* End PBXFrameworksBuildPhase section */

/* Begin PBXGroup section */
		AB89D2DE1CDB073B0020DE21 = {
			isa = PBXGroup;
			children = (
				AB89D2E91CDB073C0020DE21 /* Assignment1 */,
				AB89D3011CDB073C0020DE21 /* Assignment1Tests */,
				AB89D30C1CDB073C0020DE21 /* Assignment1UITests */,
				AB89D2E81CDB073C0020DE21 /* Products */,
			);
			sourceTree = "<group>";
		};
		AB89D2E81CDB073C0020DE21 /* Products */ = {
			isa = PBXGroup;
			children = (
				AB89D2E71CDB073C0020DE21 /* Assignment1.app */,
				AB89D2FE1CDB073C0020DE21 /* Assignment1Tests.xctest */,
				AB89D3091CDB073C0020DE21 /* Assignment1UITests.xctest */,
			);
			name = Products;
			sourceTree = "<group>";
		};
		AB89D2E91CDB073C0020DE21 /* Assignment1 */ = {
			isa = PBXGroup;
			children = (
				AB89D31F1CDB3C2E0020DE21 /* info-icon@2x.png */,
				AB7E174C1CDCE421005F0C3C /* audi.png */,
				AB89D2EA1CDB073C0020DE21 /* AppDelegate.swift */,
				AB89D2EC1CDB073C0020DE21 /* ViewController.swift */,
				AB89D31B1CDB12D70020DE21 /* Registration.swift */,
				AB89D31D1CDB12EA0020DE21 /* HomeScreen.swift */,
				AB7E174A1CDCDB78005F0C3C /* CarDetailsViewController.swift */,
				1CC01AD01CDE15EB003C6DCE /* Reachability.swift */,
				AB89D2EE1CDB073C0020DE21 /* Main.storyboard */,
				AB89D2F41CDB073C0020DE21 /* Assets.xcassets */,
				AB89D2F61CDB073C0020DE21 /* LaunchScreen.storyboard */,
				AB89D2F91CDB073C0020DE21 /* Info.plist */,
				AB89D2F11CDB073C0020DE21 /* Assignment1.xcdatamodeld */,
			);
			path = Assignment1;
			sourceTree = "<group>";
		};
		AB89D3011CDB073C0020DE21 /* Assignment1Tests */ = {
			isa = PBXGroup;
			children = (
				AB89D3021CDB073C0020DE21 /* Assignment1Tests.swift */,
				AB89D3041CDB073C0020DE21 /* Info.plist */,
			);
			path = Assignment1Tests;
			sourceTree = "<group>";
		};
		AB89D30C1CDB073C0020DE21 /* Assignment1UITests */ = {
			isa = PBXGroup;
			children = (
				AB89D30D1CDB073C0020DE21 /* Assignment1UITests.swift */,
				AB89D30F1CDB073C0020DE21 /* Info.plist */,
			);
			path = Assignment1UITests;
			sourceTree = "<group>";
		};
/* End PBXGroup section */

/* Begin PBXNativeTarget section */
		AB89D2E61CDB073C0020DE21 /* Assignment1 */ = {
			isa = PBXNativeTarget;
			buildConfigurationList = AB89D3121CDB073C0020DE21 /* Build configuration list for PBXNativeTarget "Assignment1" */;
			buildPhases = (
				AB89D2E31CDB073C0020DE21 /* Sources */,
				AB89D2E41CDB073C0020DE21 /* Frameworks */,
				AB89D2E51CDB073C0020DE21 /* Resources */,
			);
			buildRules = (
			);
			dependencies = (
			);
			name = Assignment1;
			productName = Assignment1;
			productReference = AB89D2E71CDB073C0020DE21 /* Assignment1.app */;
			productType = "com.apple.product-type.application";
		};
		AB89D2FD1CDB073C0020DE21 /* Assignment1Tests */ = {
			isa = PBXNativeTarget;
			buildConfigurationList = AB89D3151CDB073C0020DE21 /* Build configuration list for PBXNativeTarget "Assignment1Tests" */;
			buildPhases = (
				AB89D2FA1CDB073C0020DE21 /* Sources */,
				AB89D2FB1CDB073C0020DE21 /* Frameworks */,
				AB89D2FC1CDB073C0020DE21 /* Resources */,
			);
			buildRules = (
			);
			dependencies = (
				AB89D3001CDB073C0020DE21 /* PBXTargetDependency */,
			);
			name = Assignment1Tests;
			productName = Assignment1Tests;
			productReference = AB89D2FE1CDB073C0020DE21 /* Assignment1Tests.xctest */;
			productType = "com.apple.product-type.bundle.unit-test";
		};
		AB89D3081CDB073C0020DE21 /* Assignment1UITests */ = {
			isa = PBXNativeTarget;
			buildConfigurationList = AB89D3181CDB073C0020DE21 /* Build configuration list for PBXNativeTarget "Assignment1UITests" */;
			buildPhases = (
				AB89D3051CDB073C0020DE21 /* Sources */,
				AB89D3061CDB073C0020DE21 /* Frameworks */,
				AB89D3071CDB073C0020DE21 /* Resources */,
			);
			buildRules = (
			);
			dependencies = (
				AB89D30B1CDB073C0020DE21 /* PBXTargetDependency */,
			);
			name = Assignment1UITests;
			productName = Assignment1UITests;
			productReference = AB89D3091CDB073C0020DE21 /* Assignment1UITests.xctest */;
			productType = "com.apple.product-type.bundle.ui-testing";
		};
/* End PBXNativeTarget section */

/* Begin PBXProject section */
		AB89D2DF1CDB073B0020DE21 /* Project object */ = {
			isa = PBXProject;
			attributes = {
				LastSwiftUpdateCheck = 0720;
				LastUpgradeCheck = 0720;
				ORGANIZATIONNAME = Venu;
				TargetAttributes = {
					AB89D2E61CDB073C0020DE21 = {
						CreatedOnToolsVersion = 7.2;
					};
					AB89D2FD1CDB073C0020DE21 = {
						CreatedOnToolsVersion = 7.2;
						TestTargetID = AB89D2E61CDB073C0020DE21;
					};
					AB89D3081CDB073C0020DE21 = {
						CreatedOnToolsVersion = 7.2;
						TestTargetID = AB89D2E61CDB073C0020DE21;
					};
				};
			};
			buildConfigurationList = AB89D2E21CDB073B0020DE21 /* Build configuration list for PBXProject "Assignment1" */;
			compatibilityVersion = "Xcode 3.2";
			developmentRegion = English;
			hasScannedForEncodings = 0;
			knownRegions = (
				en,
				Base,
			);
			mainGroup = AB89D2DE1CDB073B0020DE21;
			productRefGroup = AB89D2E81CDB073C0020DE21 /* Products */;
			projectDirPath = "";
			projectRoot = "";
			targets = (
				AB89D2E61CDB073C0020DE21 /* Assignment1 */,
				AB89D2FD1CDB073C0020DE21 /* Assignment1Tests */,
				AB89D3081CDB073C0020DE21 /* Assignment1UITests */,
			);
		};
/* End PBXProject section */

/* Begin PBXResourcesBuildPhase section */
		AB89D2E51CDB073C0020DE21 /* Resources */ = {
			isa = PBXResourcesBuildPhase;
			buildActionMask = 2147483647;
			files = (
				AB89D2F81CDB073C0020DE21 /* LaunchScreen.storyboard in Resources */,
				AB7E174D1CDCE421005F0C3C /* audi.png in Resources */,
				AB89D2F51CDB073C0020DE21 /* Assets.xcassets in Resources */,
				AB89D2F01CDB073C0020DE21 /* Main.storyboard in Resources */,
				AB89D3201CDB3C2E0020DE21 /* info-icon@2x.png in Resources */,
			);
			runOnlyForDeploymentPostprocessing = 0;
		};
		AB89D2FC1CDB073C0020DE21 /* Resources */ = {
			isa = PBXResourcesBuildPhase;
			buildActionMask = 2147483647;
			files = (
			);
			runOnlyForDeploymentPostprocessing = 0;
		};
		AB89D3071CDB073C0020DE21 /* Resources */ = {
			isa = PBXResourcesBuildPhase;
			buildActionMask = 2147483647;
			files = (
			);
			runOnlyForDeploymentPostprocessing = 0;
		};
/* End PBXResourcesBuildPhase section */

/* Begin PBXSourcesBuildPhase section */
		AB89D2E31CDB073C0020DE21 /* Sources */ = {
			isa = PBXSourcesBuildPhase;
			buildActionMask = 2147483647;
			files = (
				1CC01AD11CDE15EB003C6DCE /* Reachability.swift in Sources */,
				AB89D31C1CDB12D70020DE21 /* Registration.swift in Sources */,
				AB89D31E1CDB12EA0020DE21 /* HomeScreen.swift in Sources */,
				AB7E174B1CDCDB78005F0C3C /* CarDetailsViewController.swift in Sources */,
				AB89D2ED1CDB073C0020DE21 /* ViewController.swift in Sources */,
				AB89D2F31CDB073C0020DE21 /* Assignment1.xcdatamodeld in Sources */,
				AB89D2EB1CDB073C0020DE21 /* AppDelegate.swift in Sources */,
			);
			runOnlyForDeploymentPostprocessing = 0;
		};
		AB89D2FA1CDB073C0020DE21 /* Sources */ = {
			isa = PBXSourcesBuildPhase;
			buildActionMask = 2147483647;
			files = (
				AB89D3031CDB073C0020DE21 /* Assignment1Tests.swift in Sources */,
			);
			runOnlyForDeploymentPostprocessing = 0;
		};
		AB89D3051CDB073C0020DE21 /* Sources */ = {
			isa = PBXSourcesBuildPhase;
			buildActionMask = 2147483647;
			files = (
				AB89D30E1CDB073C0020DE21 /* Assignment1UITests.swift in Sources */,
			);
			runOnlyForDeploymentPostprocessing = 0;
		};
/* End PBXSourcesBuildPhase section */

/* Begin PBXTargetDependency section */
		AB89D3001CDB073C0020DE21 /* PBXTargetDependency */ = {
			isa = PBXTargetDependency;
			target = AB89D2E61CDB073C0020DE21 /* Assignment1 */;
			targetProxy = AB89D2FF1CDB073C0020DE21 /* PBXContainerItemProxy */;
		};
		AB89D30B1CDB073C0020DE21 /* PBXTargetDependency */ = {
			isa = PBXTargetDependency;
			target = AB89D2E61CDB073C0020DE21 /* Assignment1 */;
			targetProxy = AB89D30A1CDB073C0020DE21 /* PBXContainerItemProxy */;
		};
/* End PBXTargetDependency section */

/* Begin PBXVariantGroup section */
		AB89D2EE1CDB073C0020DE21 /* Main.storyboard */ = {
			isa = PBXVariantGroup;
			children = (
				AB89D2EF1CDB073C0020DE21 /* Base */,
			);
			name = Main.storyboard;
			sourceTree = "<group>";
		};
		AB89D2F61CDB073C0020DE21 /* LaunchScreen.storyboard */ = {
			isa = PBXVariantGroup;
			children = (
				AB89D2F71CDB073C0020DE21 /* Base */,
			);
			name = LaunchScreen.storyboard;
			sourceTree = "<group>";
		};
/* End PBXVariantGroup section */

/* Begin XCBuildConfiguration section */
		AB89D3101CDB073C0020DE21 /* Debug */ = {
			isa = XCBuildConfiguration;
			buildSettings = {
				ALWAYS_SEARCH_USER_PATHS = NO;
				CLANG_CXX_LANGUAGE_STANDARD = "gnu++0x";
				CLANG_CXX_LIBRARY = "libc++";
				CLANG_ENABLE_MODULES = YES;
				CLANG_ENABLE_OBJC_ARC = YES;
				CLANG_WARN_BOOL_CONVERSION = YES;
				CLANG_WARN_CONSTANT_CONVERSION = YES;
				CLANG_WARN_DIRECT_OBJC_ISA_USAGE = YES_ERROR;
				CLANG_WARN_EMPTY_BODY = YES;
				CLANG_WARN_ENUM_CONVERSION = YES;
				CLANG_WARN_INT_CONVERSION = YES;
				CLANG_WARN_OBJC_ROOT_CLASS = YES_ERROR;
				CLANG_WARN_UNREACHABLE_CODE = YES;
				CLANG_WARN__DUPLICATE_METHOD_MATCH = YES;
				"CODE_SIGN_IDENTITY[sdk=iphoneos*]" = "iPhone Developer";
				COPY_PHASE_STRIP = NO;
				DEBUG_INFORMATION_FORMAT = dwarf;
				ENABLE_STRICT_OBJC_MSGSEND = YES;
				ENABLE_TESTABILITY = YES;
				GCC_C_LANGUAGE_STANDARD = gnu99;
				GCC_DYNAMIC_NO_PIC = NO;
				GCC_NO_COMMON_BLOCKS = YES;
				GCC_OPTIMIZATION_LEVEL = 0;
				GCC_PREPROCESSOR_DEFINITIONS = (
					"DEBUG=1",
					"$(inherited)",
				);
				GCC_WARN_64_TO_32_BIT_CONVERSION = YES;
				GCC_WARN_ABOUT_RETURN_TYPE = YES_ERROR;
				GCC_WARN_UNDECLARED_SELECTOR = YES;
				GCC_WARN_UNINITIALIZED_AUTOS = YES_AGGRESSIVE;
				GCC_WARN_UNUSED_FUNCTION = YES;
				GCC_WARN_UNUSED_VARIABLE = YES;
				IPHONEOS_DEPLOYMENT_TARGET = 9.2;
				MTL_ENABLE_DEBUG_INFO = YES;
				ONLY_ACTIVE_ARCH = YES;
				SDKROOT = iphoneos;
				SWIFT_OPTIMIZATION_LEVEL = "-Onone";
			};
			name = Debug;
		};
		AB89D3111CDB073C0020DE21 /* Release */ = {
			isa = XCBuildConfiguration;
			buildSettings = {
				ALWAYS_SEARCH_USER_PATHS = NO;
				CLANG_CXX_LANGUAGE_STANDARD = "gnu++0x";
				CLANG_CXX_LIBRARY = "libc++";
				CLANG_ENABLE_MODULES = YES;
				CLANG_ENABLE_OBJC_ARC = YES;
				CLANG_WARN_BOOL_CONVERSION = YES;
				CLANG_WARN_CONSTANT_CONVERSION = YES;
				CLANG_WARN_DIRECT_OBJC_ISA_USAGE = YES_ERROR;
				CLANG_WARN_EMPTY_BODY = YES;
				CLANG_WARN_ENUM_CONVERSION = YES;
				CLANG_WARN_INT_CONVERSION = YES;
				CLANG_WARN_OBJC_ROOT_CLASS = YES_ERROR;
				CLANG_WARN_UNREACHABLE_CODE = YES;
				CLANG_WARN__DUPLICATE_METHOD_MATCH = YES;
				"CODE_SIGN_IDENTITY[sdk=iphoneos*]" = "iPhone Developer";
				COPY_PHASE_STRIP = NO;
				DEBUG_INFORMATION_FORMAT = "dwarf-with-dsym";
				ENABLE_NS_ASSERTIONS = NO;
				ENABLE_STRICT_OBJC_MSGSEND = YES;
				GCC_C_LANGUAGE_STANDARD = gnu99;
				GCC_NO_COMMON_BLOCKS = YES;
				GCC_WARN_64_TO_32_BIT_CONVERSION = YES;
				GCC_WARN_ABOUT_RETURN_TYPE = YES_ERROR;
				GCC_WARN_UNDECLARED_SELECTOR = YES;
				GCC_WARN_UNINITIALIZED_AUTOS = YES_AGGRESSIVE;
				GCC_WARN_UNUSED_FUNCTION = YES;
				GCC_WARN_UNUSED_VARIABLE = YES;
				IPHONEOS_DEPLOYMENT_TARGET = 9.2;
				MTL_ENABLE_DEBUG_INFO = NO;
				SDKROOT = iphoneos;
				VALIDATE_PRODUCT = YES;
			};
			name = Release;
		};
		AB89D3131CDB073C0020DE21 /* Debug */ = {
			isa = XCBuildConfiguration;
			buildSettings = {
				ASSETCATALOG_COMPILER_APPICON_NAME = AppIcon;
				INFOPLIST_FILE = Assignment1/Info.plist;
				LD_RUNPATH_SEARCH_PATHS = "$(inherited) @executable_path/Frameworks";
				PRODUCT_BUNDLE_IDENTIFIER = self.Assignment1;
				PRODUCT_NAME = "$(TARGET_NAME)";
			};
			name = Debug;
		};
		AB89D3141CDB073C0020DE21 /* Release */ = {
			isa = XCBuildConfiguration;
			buildSettings = {
				ASSETCATALOG_COMPILER_APPICON_NAME = AppIcon;
				INFOPLIST_FILE = Assignment1/Info.plist;
				LD_RUNPATH_SEARCH_PATHS = "$(inherited) @executable_path/Frameworks";
				PRODUCT_BUNDLE_IDENTIFIER = self.Assignment1;
				PRODUCT_NAME = "$(TARGET_NAME)";
			};
			name = Release;
		};
		AB89D3161CDB073C0020DE21 /* Debug */ = {
			isa = XCBuildConfiguration;
			buildSettings = {
				BUNDLE_LOADER = "$(TEST_HOST)";
				INFOPLIST_FILE = Assignment1Tests/Info.plist;
				LD_RUNPATH_SEARCH_PATHS = "$(inherited) @executable_path/Frameworks @loader_path/Frameworks";
				PRODUCT_BUNDLE_IDENTIFIER = self.Assignment1Tests;
				PRODUCT_NAME = "$(TARGET_NAME)";
				TEST_HOST = "$(BUILT_PRODUCTS_DIR)/Assignment1.app/Assignment1";
			};
			name = Debug;
		};
		AB89D3171CDB073C0020DE21 /* Release */ = {
			isa = XCBuildConfiguration;
			buildSettings = {
				BUNDLE_LOADER = "$(TEST_HOST)";
				INFOPLIST_FILE = Assignment1Tests/Info.plist;
				LD_RUNPATH_SEARCH_PATHS = "$(inherited) @executable_path/Frameworks @loader_path/Frameworks";
				PRODUCT_BUNDLE_IDENTIFIER = self.Assignment1Tests;
				PRODUCT_NAME = "$(TARGET_NAME)";
				TEST_HOST = "$(BUILT_PRODUCTS_DIR)/Assignment1.app/Assignment1";
			};
			name = Release;
		};
		AB89D3191CDB073C0020DE21 /* Debug */ = {
			isa = XCBuildConfiguration;
			buildSettings = {
				INFOPLIST_FILE = Assignment1UITests/Info.plist;
				LD_RUNPATH_SEARCH_PATHS = "$(inherited) @executable_path/Frameworks @loader_path/Frameworks";
				PRODUCT_BUNDLE_IDENTIFIER = self.Assignment1UITests;
				PRODUCT_NAME = "$(TARGET_NAME)";
				TEST_TARGET_NAME = Assignment1;
				USES_XCTRUNNER = YES;
			};
			name = Debug;
		};
		AB89D31A1CDB073C0020DE21 /* Release */ = {
			isa = XCBuildConfiguration;
			buildSettings = {
				INFOPLIST_FILE = Assignment1UITests/Info.plist;
				LD_RUNPATH_SEARCH_PATHS = "$(inherited) @executable_path/Frameworks @loader_path/Frameworks";
				PRODUCT_BUNDLE_IDENTIFIER = self.Assignment1UITests;
				PRODUCT_NAME = "$(TARGET_NAME)";
				TEST_TARGET_NAME = Assignment1;
				USES_XCTRUNNER = YES;
			};
			name = Release;
		};
/* End XCBuildConfiguration section */

/* Begin XCConfigurationList section */
		AB89D2E21CDB073B0020DE21 /* Build configuration list for PBXProject "Assignment1" */ = {
			isa = XCConfigurationList;
			buildConfigurations = (
				AB89D3101CDB073C0020DE21 /* Debug */,
				AB89D3111CDB073C0020DE21 /* Release */,
			);
			defaultConfigurationIsVisible = 0;
			defaultConfigurationName = Release;
		};
		AB89D3121CDB073C0020DE21 /* Build configuration list for PBXNativeTarget "Assignment1" */ = {
			isa = XCConfigurationList;
			buildConfigurations = (
				AB89D3131CDB073C0020DE21 /* Debug */,
				AB89D3141CDB073C0020DE21 /* Release */,
			);
			defaultConfigurationIsVisible = 0;
			defaultConfigurationName = Release;
		};
		AB89D3151CDB073C0020DE21 /* Build configuration list for PBXNativeTarget "Assignment1Tests" */ = {
			isa = XCConfigurationList;
			buildConfigurations = (
				AB89D3161CDB073C0020DE21 /* Debug */,
				AB89D3171CDB073C0020DE21 /* Release */,
			);
			defaultConfigurationIsVisible = 0;
			defaultConfigurationName = Release;
		};
		AB89D3181CDB073C0020DE21 /* Build configuration list for PBXNativeTarget "Assignment1UITests" */ = {
			isa = XCConfigurationList;
			buildConfigurations = (
				AB89D3191CDB073C0020DE21 /* Debug */,
				AB89D31A1CDB073C0020DE21 /* Release */,
			);
			defaultConfigurationIsVisible = 0;
			defaultConfigurationName = Release;
		};
/* End XCConfigurationList section */

/* Begin XCVersionGroup section */
		AB89D2F11CDB073C0020DE21 /* Assignment1.xcdatamodeld */ = {
			isa = XCVersionGroup;
			children = (
				AB89D2F21CDB073C0020DE21 /* Assignment1.xcdatamodel */,
			);
			currentVersion = AB89D2F21CDB073C0020DE21 /* Assignment1.xcdatamodel */;
			path = Assignment1.xcdatamodeld;
			sourceTree = "<group>";
			versionGroupType = wrapper.xcdatamodel;
		};
/* End XCVersionGroup section */
	};
	rootObject = AB89D2DF1CDB073B0020DE21 /* Project object */;
}
